{
  "name": "@rudevich/agentic-flow",
  "version": "0.2.2",
  "lockfileVersion": 3,
  "requires": true,
  "packages": {
    "": {
      "name": "@rudevich/agentic-flow",
      "version": "0.2.2",
      "hasInstallScript": true,
      "license": "MIT",
      "bin": {
        "agentic-flow": "bin/agentic-flow.js"
      },
      "engines": {
        "node": ">=24"
      }
    }
  }
}
